{
  "object": {
    "pins": [
      {
        "package": "Sync",
        "repositoryURL": "https://github.com/nerdsupremacist/Sync.git",
        "state": {
          "branch": null,
          "revision": "b2a680e976e693319f7f4241fe61d9498a083a60",
          "version": "0.1.0"
        }
      }
    ]
  },
  "version": 1
}
